// !$*UTF8*$!
{
	archiveVersion = 1;
	classes = {
	};
	objectVersion = 50;
	objects = {

/* Begin PBXBuildFile section */
		A42E591E253B7A99007CD965 /* AppDelegate.swift in Sources */ = {isa = PBXBuildFile; fileRef = A42E591D253B7A99007CD965 /* AppDelegate.swift */; };
		A42E5920253B7A99007CD965 /* SceneDelegate.swift in Sources */ = {isa = PBXBuildFile; fileRef = A42E591F253B7A99007CD965 /* SceneDelegate.swift */; };
		A42E5922253B7A99007CD965 /* ViewController.swift in Sources */ = {isa = PBXBuildFile; fileRef = A42E5921253B7A99007CD965 /* ViewController.swift */; };
		A42E5925253B7A99007CD965 /* Main.storyboard in Resources */ = {isa = PBXBuildFile; fileRef = A42E5923253B7A99007CD965 /* Main.storyboard */; };
		A42E5927253B7A9D007CD965 /* Assets.xcassets in Resources */ = {isa = PBXBuildFile; fileRef = A42E5926253B7A9D007CD965 /* Assets.xcassets */; };
		A42E592A253B7A9D007CD965 /* LaunchScreen.storyboard in Resources */ = {isa = PBXBuildFile; fileRef = A42E5928253B7A9D007CD965 /* LaunchScreen.storyboard */; };
		A42E5932253B88AF007CD965 /* ExplosaoViewController.swift in Sources */ = {isa = PBXBuildFile; fileRef = A42E5931253B88AF007CD965 /* ExplosaoViewController.swift */; };
		A4A9D417253BC7F200088CD9 /* PlanetViewController.swift in Sources */ = {isa = PBXBuildFile; fileRef = A4A9D416253BC7F200088CD9 /* PlanetViewController.swift */; };
		A4A9D419253BC81A00088CD9 /* PlanetTwoViewController.swift in Sources */ = {isa = PBXBuildFile; fileRef = A4A9D418253BC81A00088CD9 /* PlanetTwoViewController.swift */; };
/* End PBXBuildFile section */

/* Begin PBXFileReference section */
		A42E591A253B7A99007CD965 /* MeuPrimeiroApp.app */ = {isa = PBXFileReference; explicitFileType = wrapper.application; includeInIndex = 0; path = MeuPrimeiroApp.app; sourceTree = BUILT_PRODUCTS_DIR; };
		A42E591D253B7A99007CD965 /* AppDelegate.swift */ = {isa = PBXFileReference; lastKnownFileType = sourcecode.swift; path = AppDelegate.swift; sourceTree = "<group>"; };
		A42E591F253B7A99007CD965 /* SceneDelegate.swift */ = {isa = PBXFileReference; lastKnownFileType = sourcecode.swift; path = SceneDelegate.swift; sourceTree = "<group>"; };
		A42E5921253B7A99007CD965 /* ViewController.swift */ = {isa = PBXFileReference; lastKnownFileType = sourcecode.swift; path = ViewController.swift; sourceTree = "<group>"; };
		A42E5924253B7A99007CD965 /* Base */ = {isa = PBXFileReference; lastKnownFileType = file.storyboard; name = Base; path = Base.lproj/Main.storyboard; sourceTree = "<group>"; };
		A42E5926253B7A9D007CD965 /* Assets.xcassets */ = {isa = PBXFileReference; lastKnownFileType = folder.assetcatalog; path = Assets.xcassets; sourceTree = "<group>"; };
		A42E5929253B7A9D007CD965 /* Base */ = {isa = PBXFileReference; lastKnownFileType = file.storyboard; name = Base; path = Base.lproj/LaunchScreen.storyboard; sourceTree = "<group>"; };
		A42E592B253B7A9D007CD965 /* Info.plist */ = {isa = PBXFileReference; lastKnownFileType = text.plist.xml; path = Info.plist; sourceTree = "<group>"; };
		A42E5931253B88AF007CD965 /* ExplosaoViewController.swift */ = {isa = PBXFileReference; lastKnownFileType = sourcecode.swift; path = ExplosaoViewController.swift; sourceTree = "<group>"; };
		A4A9D416253BC7F200088CD9 /* PlanetViewController.swift */ = {isa = PBXFileReference; lastKnownFileType = sourcecode.swift; path = PlanetViewController.swift; sourceTree = "<group>"; };
		A4A9D418253BC81A00088CD9 /* PlanetTwoViewController.swift */ = {isa = PBXFileReference; lastKnownFileType = sourcecode.swift; path = PlanetTwoViewController.swift; sourceTree = "<group>"; };
/* End PBXFileReference section */

/* Begin PBXFrameworksBuildPhase section */
		A42E5917253B7A99007CD965 /* Frameworks */ = {
			isa = PBXFrameworksBuildPhase;
			buildActionMask = 2147483647;
			files = (
			);
			runOnlyForDeploymentPostprocessing = 0;
		};
/* End PBXFrameworksBuildPhase section */

/* Begin PBXGroup section */
		A42E5911253B7A99007CD965 = {
			isa = PBXGroup;
			children = (
				A42E591C253B7A99007CD965 /* MeuPrimeiroApp */,
				A42E591B253B7A99007CD965 /* Products */,
			);
			sourceTree = "<group>";
		};
		A42E591B253B7A99007CD965 /* Products */ = {
			isa = PBXGroup;
			children = (
				A42E591A253B7A99007CD965 /* MeuPrimeiroApp.app */,
			);
			name = Products;
			sourceTree = "<group>";
		};
		A42E591C253B7A99007CD965 /* MeuPrimeiroApp */ = {
			isa = PBXGroup;
			children = (
				A42E591D253B7A99007CD965 /* AppDelegate.swift */,
				A42E591F253B7A99007CD965 /* SceneDelegate.swift */,
				A42E5921253B7A99007CD965 /* ViewController.swift */,
				A42E5923253B7A99007CD965 /* Main.storyboard */,
				A42E5926253B7A9D007CD965 /* Assets.xcassets */,
				A42E5928253B7A9D007CD965 /* LaunchScreen.storyboard */,
				A42E592B253B7A9D007CD965 /* Info.plist */,
				A42E5931253B88AF007CD965 /* ExplosaoViewController.swift */,
				A4A9D416253BC7F200088CD9 /* PlanetViewController.swift */,
				A4A9D418253BC81A00088CD9 /* PlanetTwoViewController.swift */,
			);
			path = MeuPrimeiroApp;
			sourceTree = "<group>";
		};
/* End PBXGroup section */

/* Begin PBXNativeTarget section */
		A42E5919253B7A99007CD965 /* MeuPrimeiroApp */ = {
			isa = PBXNativeTarget;
			buildConfigurationList = A42E592E253B7A9D007CD965 /* Build configuration list for PBXNativeTarget "MeuPrimeiroApp" */;
			buildPhases = (
				A42E5916253B7A99007CD965 /* Sources */,
				A42E5917253B7A99007CD965 /* Frameworks */,
				A42E5918253B7A99007CD965 /* Resources */,
			);
			buildRules = (
			);
			dependencies = (
			);
			name = MeuPrimeiroApp;
			productName = MeuPrimeiroApp;
			productReference = A42E591A253B7A99007CD965 /* MeuPrimeiroApp.app */;
			productType = "com.apple.product-type.application";
		};
/* End PBXNativeTarget section */

/* Begin PBXProject section */
		A42E5912253B7A99007CD965 /* Project object */ = {
			isa = PBXProject;
			attributes = {
				LastSwiftUpdateCheck = 1100;
				LastUpgradeCheck = 1100;
				ORGANIZATIONNAME = "Cassia Franco";
				TargetAttributes = {
					A42E5919253B7A99007CD965 = {
						CreatedOnToolsVersion = 11.0;
					};
				};
			};
			buildConfigurationList = A42E5915253B7A99007CD965 /* Build configuration list for PBXProject "MeuPrimeiroApp" */;
			compatibilityVersion = "Xcode 9.3";
			developmentRegion = en;
			hasScannedForEncodings = 0;
			knownRegions = (
				en,
				Base,
			);
			mainGroup = A42E5911253B7A99007CD965;
			productRefGroup = A42E591B253B7A99007CD965 /* Products */;
			projectDirPath = "";
			projectRoot = "";
			targets = (
				A42E5919253B7A99007CD965 /* MeuPrimeiroApp */,
			);
		};
/* End PBXProject section */

/* Begin PBXResourcesBuildPhase section */
		A42E5918253B7A99007CD965 /* Resources */ = {
			isa = PBXResourcesBuildPhase;
			buildActionMask = 2147483647;
			files = (
				A42E592A253B7A9D007CD965 /* LaunchScreen.storyboard in Resources */,
				A42E5927253B7A9D007CD965 /* Assets.xcassets in Resources */,
				A42E5925253B7A99007CD965 /* Main.storyboard in Resources */,
			);
			runOnlyForDeploymentPostprocessing = 0;
		};
/* End PBXResourcesBuildPhase section */

/* Begin PBXSourcesBuildPhase section */
		A42E5916253B7A99007CD965 /* Sources */ = {
			isa = PBXSourcesBuildPhase;
			buildActionMask = 2147483647;
			files = (
				A4A9D417253BC7F200088CD9 /* PlanetViewController.swift in Sources */,
				A42E5922253B7A99007CD965 /* ViewController.swift in Sources */,
				A42E5932253B88AF007CD965 /* ExplosaoViewController.swift in Sources */,
				A42E591E253B7A99007CD965 /* AppDelegate.swift in Sources */,
				A42E5920253B7A99007CD965 /* SceneDelegate.swift in Sources */,
				A4A9D419253BC81A00088CD9 /* PlanetTwoViewController.swift in Sources */,
			);
			runOnlyForDeploymentPostprocessing = 0;
		};
/* End PBXSourcesBuildPhase section */

/* Begin PBXVariantGroup section */
		A42E5923253B7A99007CD965 /* Main.storyboard */ = {
			isa = PBXVariantGroup;
			children = (
				A42E5924253B7A99007CD965 /* Base */,
			);
			name = Main.storyboard;
			sourceTree = "<group>";
		};
		A42E5928253B7A9D007CD965 /* LaunchScreen.storyboard */ = {
			isa = PBXVariantGroup;
			children = (
				A42E5929253B7A9D007CD965 /* Base */,
			);
			name = LaunchScreen.storyboard;
			sourceTree = "<group>";
		};
/* End PBXVariantGroup section */

/* Begin XCBuildConfiguration section */
		A42E592C253B7A9D007CD965 /* Debug */ = {
			isa = XCBuildConfiguration;
			buildSettings = {
				ALWAYS_SEARCH_USER_PATHS = NO;
				CLANG_ANALYZER_NONNULL = YES;
				CLANG_ANALYZER_NUMBER_OBJECT_CONVERSION = YES_AGGRESSIVE;
				CLANG_CXX_LANGUAGE_STANDARD = "gnu++14";
				CLANG_CXX_LIBRARY = "libc++";
				CLANG_ENABLE_MODULES = YES;
				CLANG_ENABLE_OBJC_ARC = YES;
				CLANG_ENABLE_OBJC_WEAK = YES;
				CLANG_WARN_BLOCK_CAPTURE_AUTORELEASING = YES;
				CLANG_WARN_BOOL_CONVERSION = YES;
				CLANG_WARN_COMMA = YES;
				CLANG_WARN_CONSTANT_CONVERSION = YES;
				CLANG_WARN_DEPRECATED_OBJC_IMPLEMENTATIONS = YES;
				CLANG_WARN_DIRECT_OBJC_ISA_USAGE = YES_ERROR;
				CLANG_WARN_DOCUMENTATION_COMMENTS = YES;
				CLANG_WARN_EMPTY_BODY = YES;
				CLANG_WARN_ENUM_CONVERSION = YES;
				CLANG_WARN_INFINITE_RECURSION = YES;
				CLANG_WARN_INT_CONVERSION = YES;
				CLANG_WARN_NON_LITERAL_NULL_CONVERSION = YES;
				CLANG_WARN_OBJC_IMPLICIT_RETAIN_SELF = YES;
				CLANG_WARN_OBJC_LITERAL_CONVERSION = YES;
				CLANG_WARN_OBJC_ROOT_CLASS = YES_ERROR;
				CLANG_WARN_RANGE_LOOP_ANALYSIS = YES;
				CLANG_WARN_STRICT_PROTOTYPES = YES;
				CLANG_WARN_SUSPICIOUS_MOVE = YES;
				CLANG_WARN_UNGUARDED_AVAILABILITY = YES_AGGRESSIVE;
				CLANG_WARN_UNREACHABLE_CODE = YES;
				CLANG_WARN__DUPLICATE_METHOD_MATCH = YES;
				COPY_PHASE_STRIP = NO;
				DEBUG_INFORMATION_FORMAT = dwarf;
				ENABLE_STRICT_OBJC_MSGSEND = YES;
				ENABLE_TESTABILITY = YES;
				GCC_C_LANGUAGE_STANDARD = gnu11;
				GCC_DYNAMIC_NO_PIC = NO;
				GCC_NO_COMMON_BLOCKS = YES;
				GCC_OPTIMIZATION_LEVEL = 0;
				GCC_PREPROCESSOR_DEFINITIONS = (
					"DEBUG=1",
					"$(inherited)",
				);
				GCC_WARN_64_TO_32_BIT_CONVERSION = YES;
				GCC_WARN_ABOUT_RETURN_TYPE = YES_ERROR;
				GCC_WARN_UNDECLARED_SELECTOR = YES;
				GCC_WARN_UNINITIALIZED_AUTOS = YES_AGGRESSIVE;
				GCC_WARN_UNUSED_FUNCTION = YES;
				GCC_WARN_UNUSED_VARIABLE = YES;
				IPHONEOS_DEPLOYMENT_TARGET = 13.0;
				MTL_ENABLE_DEBUG_INFO = INCLUDE_SOURCE;
				MTL_FAST_MATH = YES;
				ONLY_ACTIVE_ARCH = YES;
				SDKROOT = iphoneos;
				SWIFT_ACTIVE_COMPILATION_CONDITIONS = DEBUG;
				SWIFT_OPTIMIZATION_LEVEL = "-Onone";
			};
			name = Debug;
		};
		A42E592D253B7A9D007CD965 /* Release */ = {
			isa = XCBuildConfiguration;
			buildSettings = {
				ALWAYS_SEARCH_USER_PATHS = NO;
				CLANG_ANALYZER_NONNULL = YES;
				CLANG_ANALYZER_NUMBER_OBJECT_CONVERSION = YES_AGGRESSIVE;
				CLANG_CXX_LANGUAGE_STANDARD = "gnu++14";
				CLANG_CXX_LIBRARY = "libc++";
				CLANG_ENABLE_MODULES = YES;
				CLANG_ENABLE_OBJC_ARC = YES;
				CLANG_ENABLE_OBJC_WEAK = YES;
				CLANG_WARN_BLOCK_CAPTURE_AUTORELEASING = YES;
				CLANG_WARN_BOOL_CONVERSION = YES;
				CLANG_WARN_COMMA = YES;
				CLANG_WARN_CONSTANT_CONVERSION = YES;
				CLANG_WARN_DEPRECATED_OBJC_IMPLEMENTATIONS = YES;
				CLANG_WARN_DIRECT_OBJC_ISA_USAGE = YES_ERROR;
				CLANG_WARN_DOCUMENTATION_COMMENTS = YES;
				CLANG_WARN_EMPTY_BODY = YES;
				CLANG_WARN_ENUM_CONVERSION = YES;
				CLANG_WARN_INFINITE_RECURSION = YES;
				CLANG_WARN_INT_CONVERSION = YES;
				CLANG_WARN_NON_LITERAL_NULL_CONVERSION = YES;
				CLANG_WARN_OBJC_IMPLICIT_RETAIN_SELF = YES;
				CLANG_WARN_OBJC_LITERAL_CONVERSION = YES;
				CLANG_WARN_OBJC_ROOT_CLASS = YES_ERROR;
				CLANG_WARN_RANGE_LOOP_ANALYSIS = YES;
				CLANG_WARN_STRICT_PROTOTYPES = YES;
				CLANG_WARN_SUSPICIOUS_MOVE = YES;
				CLANG_WARN_UNGUARDED_AVAILABILITY = YES_AGGRESSIVE;
				CLANG_WARN_UNREACHABLE_CODE = YES;
				CLANG_WARN__DUPLICATE_METHOD_MATCH = YES;
				COPY_PHASE_STRIP = NO;
				DEBUG_INFORMATION_FORMAT = "dwarf-with-dsym";
				ENABLE_NS_ASSERTIONS = NO;
				ENABLE_STRICT_OBJC_MSGSEND = YES;
				GCC_C_LANGUAGE_STANDARD = gnu11;
				GCC_NO_COMMON_BLOCKS = YES;
				GCC_WARN_64_TO_32_BIT_CONVERSION = YES;
				GCC_WARN_ABOUT_RETURN_TYPE = YES_ERROR;
				GCC_WARN_UNDECLARED_SELECTOR = YES;
				GCC_WARN_UNINITIALIZED_AUTOS = YES_AGGRESSIVE;
				GCC_WARN_UNUSED_FUNCTION = YES;
				GCC_WARN_UNUSED_VARIABLE = YES;
				IPHONEOS_DEPLOYMENT_TARGET = 13.0;
				MTL_ENABLE_DEBUG_INFO = NO;
				MTL_FAST_MATH = YES;
				SDKROOT = iphoneos;
				SWIFT_COMPILATION_MODE = wholemodule;
				SWIFT_OPTIMIZATION_LEVEL = "-O";
				VALIDATE_PRODUCT = YES;
			};
			name = Release;
		};
		A42E592F253B7A9D007CD965 /* Debug */ = {
			isa = XCBuildConfiguration;
			buildSettings = {
				ASSETCATALOG_COMPILER_APPICON_NAME = AppIcon;
				CODE_SIGN_STYLE = Automatic;
				DEVELOPMENT_TEAM = N6833V2KNF;
				INFOPLIST_FILE = MeuPrimeiroApp/Info.plist;
				LD_RUNPATH_SEARCH_PATHS = (
					"$(inherited)",
					"@executable_path/Frameworks",
				);
				PRODUCT_BUNDLE_IDENTIFIER = com.Franco.MeuPrimeiroApp;
				PRODUCT_NAME = MeuPrimeiroApp;
				SWIFT_VERSION = 5.0;
				TARGETED_DEVICE_FAMILY = "1,2";
			};
			name = Debug;
		};
		A42E5930253B7A9D007CD965 /* Release */ = {
			isa = XCBuildConfiguration;
			buildSettings = {
				ASSETCATALOG_COMPILER_APPICON_NAME = AppIcon;
				CODE_SIGN_STYLE = Automatic;
				DEVELOPMENT_TEAM = N6833V2KNF;
				INFOPLIST_FILE = MeuPrimeiroApp/Info.plist;
				LD_RUNPATH_SEARCH_PATHS = (
					"$(inherited)",
					"@executable_path/Frameworks",
				);
				PRODUCT_BUNDLE_IDENTIFIER = com.Franco.MeuPrimeiroApp;
				PRODUCT_NAME = MeuPrimeiroApp;
				SWIFT_VERSION = 5.0;
				TARGETED_DEVICE_FAMILY = "1,2";
			};
			name = Release;
		};
/* End XCBuildConfiguration section */

/* Begin XCConfigurationList section */
		A42E5915253B7A99007CD965 /* Build configuration list for PBXProject "MeuPrimeiroApp" */ = {
			isa = XCConfigurationList;
			buildConfigurations = (
				A42E592C253B7A9D007CD965 /* Debug */,
				A42E592D253B7A9D007CD965 /* Release */,
			);
			defaultConfigurationIsVisible = 0;
			defaultConfigurationName = Release;
		};
		A42E592E253B7A9D007CD965 /* Build configuration list for PBXNativeTarget "MeuPrimeiroApp" */ = {
			isa = XCConfigurationList;
			buildConfigurations = (
				A42E592F253B7A9D007CD965 /* Debug */,
				A42E5930253B7A9D007CD965 /* Release */,
			);
			defaultConfigurationIsVisible = 0;
			defaultConfigurationName = Release;
		};
/* End XCConfigurationList section */
	};
	rootObject = A42E5912253B7A99007CD965 /* Project object */;
}
